// !$*UTF8*$!
{
	archiveVersion = 1;
	classes = {
	};
	objectVersion = 77;
	objects = {

/* Begin PBXBuildFile section */
		00CB09DE2F8B98A60018CA13 /* AudioToolbox.framework in Frameworks */ = {isa = PBXBuildFile; fileRef = 00CB09DD2F8B98A60018CA13 /* AudioToolbox.framework */; };
		36318A62861A160EE562A569 /* LibraryOrderStoreTests.swift in Sources */ = {isa = PBXBuildFile; fileRef = 9A95A0F1EA1AA0B0A9A2D501 /* LibraryOrderStoreTests.swift */; };
		7878506E6651377FA2979B78 /* Foundation.framework in Frameworks */ = {isa = PBXBuildFile; fileRef = 74B9EAFCC11908F2485DCC44 /* Foundation.framework */; };
		B1AE2F969FFCBAE89ADC84B6 /* NormalizeServerURLTests.swift in Sources */ = {isa = PBXBuildFile; fileRef = 0B112BD5E7841F2F203A2A58 /* NormalizeServerURLTests.swift */; };
/* End PBXBuildFile section */

/* Begin PBXContainerItemProxy section */
		E3C30DA3C98FD022FF4A7B00 /* PBXContainerItemProxy */ = {
			isa = PBXContainerItemProxy;
			containerPortal = 00CB09412F8B901D0018CA13 /* Project object */;
			proxyType = 1;
			remoteGlobalIDString = 00CB09482F8B901D0018CA13;
			remoteInfo = Librarium;
		};
/* End PBXContainerItemProxy section */

/* Begin PBXFileReference section */
		00CB09492F8B901D0018CA13 /* Librarium.app */ = {isa = PBXFileReference; explicitFileType = wrapper.application; includeInIndex = 0; path = Librarium.app; sourceTree = BUILT_PRODUCTS_DIR; };
		00CB09DD2F8B98A60018CA13 /* AudioToolbox.framework */ = {isa = PBXFileReference; lastKnownFileType = wrapper.framework; name = AudioToolbox.framework; path = System/Library/Frameworks/AudioToolbox.framework; sourceTree = SDKROOT; };
		0B112BD5E7841F2F203A2A58 /* NormalizeServerURLTests.swift */ = {isa = PBXFileReference; includeInIndex = 1; lastKnownFileType = sourcecode.swift; path = NormalizeServerURLTests.swift; sourceTree = "<group>"; };
		74B9EAFCC11908F2485DCC44 /* Foundation.framework */ = {isa = PBXFileReference; lastKnownFileType = wrapper.framework; name = Foundation.framework; path = Platforms/iPhoneOS.platform/Developer/SDKs/iPhoneOS18.0.sdk/System/Library/Frameworks/Foundation.framework; sourceTree = DEVELOPER_DIR; };
		97099F52E3F070DABEB9ADCD /* LibrariumTests.xctest */ = {isa = PBXFileReference; explicitFileType = wrapper.cfbundle; includeInIndex = 0; path = LibrariumTests.xctest; sourceTree = BUILT_PRODUCTS_DIR; };
		9A95A0F1EA1AA0B0A9A2D501 /* LibraryOrderStoreTests.swift */ = {isa = PBXFileReference; includeInIndex = 1; lastKnownFileType = sourcecode.swift; path = LibraryOrderStoreTests.swift; sourceTree = "<group>"; };
/* End PBXFileReference section */

/* Begin PBXFileSystemSynchronizedBuildFileExceptionSet section */
		00CB09802F8B91C90018CA13 /* Exceptions for "Librarium" folder in "Librarium" target */ = {
			isa = PBXFileSystemSynchronizedBuildFileExceptionSet;
			membershipExceptions = (
				Info.plist,
			);
			target = 00CB09482F8B901D0018CA13 /* Librarium */;
		};
/* End PBXFileSystemSynchronizedBuildFileExceptionSet section */

/* Begin PBXFileSystemSynchronizedRootGroup section */
		00CB094B2F8B901D0018CA13 /* Librarium */ = {
			isa = PBXFileSystemSynchronizedRootGroup;
			exceptions = (
				00CB09802F8B91C90018CA13 /* Exceptions for "Librarium" folder in "Librarium" target */,
			);
			path = Librarium;
			sourceTree = "<group>";
		};
/* End PBXFileSystemSynchronizedRootGroup section */

/* Begin PBXFrameworksBuildPhase section */
		00CB09462F8B901D0018CA13 /* Frameworks */ = {
			isa = PBXFrameworksBuildPhase;
			buildActionMask = 2147483647;
			files = (
				00CB09DE2F8B98A60018CA13 /* AudioToolbox.framework in Frameworks */,
			);
			runOnlyForDeploymentPostprocessing = 0;
		};
		A07F26AC7080FB1CE8BAFDA7 /* Frameworks */ = {
			isa = PBXFrameworksBuildPhase;
			buildActionMask = 2147483647;
			files = (
				7878506E6651377FA2979B78 /* Foundation.framework in Frameworks */,
			);
			runOnlyForDeploymentPostprocessing = 0;
		};
/* End PBXFrameworksBuildPhase section */

/* Begin PBXGroup section */
		00CB09402F8B901D0018CA13 = {
			isa = PBXGroup;
			children = (
				00CB094B2F8B901D0018CA13 /* Librarium */,
				00CB09DC2F8B98A60018CA13 /* Frameworks */,
				00CB094A2F8B901D0018CA13 /* Products */,
				14038C87554C07F4E3CA9BAF /* LibrariumTests */,
			);
			sourceTree = "<group>";
		};
		00CB094A2F8B901D0018CA13 /* Products */ = {
			isa = PBXGroup;
			children = (
				00CB09492F8B901D0018CA13 /* Librarium.app */,
				97099F52E3F070DABEB9ADCD /* LibrariumTests.xctest */,
			);
			name = Products;
			sourceTree = "<group>";
		};
		00CB09DC2F8B98A60018CA13 /* Frameworks */ = {
			isa = PBXGroup;
			children = (
				00CB09DD2F8B98A60018CA13 /* AudioToolbox.framework */,
				7DDE0B79593FF94090456F5A /* iOS */,
			);
			name = Frameworks;
			sourceTree = "<group>";
		};
		14038C87554C07F4E3CA9BAF /* LibrariumTests */ = {
			isa = PBXGroup;
			children = (
				9A95A0F1EA1AA0B0A9A2D501 /* LibraryOrderStoreTests.swift */,
				0B112BD5E7841F2F203A2A58 /* NormalizeServerURLTests.swift */,
			);
			name = LibrariumTests;
			path = LibrariumTests;
			sourceTree = SOURCE_ROOT;
		};
		7DDE0B79593FF94090456F5A /* iOS */ = {
			isa = PBXGroup;
			children = (
				74B9EAFCC11908F2485DCC44 /* Foundation.framework */,
			);
			name = iOS;
			sourceTree = "<group>";
		};
/* End PBXGroup section */

/* Begin PBXNativeTarget section */
		00CB09482F8B901D0018CA13 /* Librarium */ = {
			isa = PBXNativeTarget;
			buildConfigurationList = 00CB09542F8B901E0018CA13 /* Build configuration list for PBXNativeTarget "Librarium" */;
			buildPhases = (
				00CB09452F8B901D0018CA13 /* Sources */,
				00CB09462F8B901D0018CA13 /* Frameworks */,
				00CB09472F8B901D0018CA13 /* Resources */,
			);
			buildRules = (
			);
			dependencies = (
			);
			fileSystemSynchronizedGroups = (
				00CB094B2F8B901D0018CA13 /* Librarium */,
			);
			name = Librarium;
			productName = Librarium;
			productReference = 00CB09492F8B901D0018CA13 /* Librarium.app */;
			productType = "com.apple.product-type.application";
		};
		E6869F235F22A3B687E65D4D /* LibrariumTests */ = {
			isa = PBXNativeTarget;
			buildConfigurationList = 5BF21EC767FD92753EA155D2 /* Build configuration list for PBXNativeTarget "LibrariumTests" */;
			buildPhases = (
				DF9E9C99B9B971DDEE6E7A1D /* Sources */,
				A07F26AC7080FB1CE8BAFDA7 /* Frameworks */,
				D3CE804CEBAA49C5123978DF /* Resources */,
			);
			buildRules = (
			);
			dependencies = (
				0CB72FEAE951000C32E4CA0F /* PBXTargetDependency */,
			);
			name = LibrariumTests;
			productName = LibrariumTests;
			productReference = 97099F52E3F070DABEB9ADCD /* LibrariumTests.xctest */;
			productType = "com.apple.product-type.bundle.unit-test";
		};
/* End PBXNativeTarget section */

/* Begin PBXProject section */
		00CB09412F8B901D0018CA13 /* Project object */ = {
			isa = PBXProject;
			attributes = {
				BuildIndependentTargetsInParallel = 1;
				LastSwiftUpdateCheck = 2640;
				LastUpgradeCheck = 2640;
				TargetAttributes = {
					00CB09482F8B901D0018CA13 = {
						CreatedOnToolsVersion = 26.4;
					};
				};
			};
			buildConfigurationList = 00CB09442F8B901D0018CA13 /* Build configuration list for PBXProject "Librarium" */;
			developmentRegion = en;
			hasScannedForEncodings = 0;
			knownRegions = (
				en,
				Base,
			);
			mainGroup = 00CB09402F8B901D0018CA13;
			minimizedProjectReferenceProxies = 1;
			preferredProjectObjectVersion = 77;
			productRefGroup = 00CB094A2F8B901D0018CA13 /* Products */;
			projectDirPath = "";
			projectRoot = "";
			targets = (
				00CB09482F8B901D0018CA13 /* Librarium */,
				E6869F235F22A3B687E65D4D /* LibrariumTests */,
			);
		};
/* End PBXProject section */

/* Begin PBXResourcesBuildPhase section */
		00CB09472F8B901D0018CA13 /* Resources */ = {
			isa = PBXResourcesBuildPhase;
			buildActionMask = 2147483647;
			files = (
			);
			runOnlyForDeploymentPostprocessing = 0;
		};
		D3CE804CEBAA49C5123978DF /* Resources */ = {
			isa = PBXResourcesBuildPhase;
			buildActionMask = 2147483647;
			files = (
			);
			runOnlyForDeploymentPostprocessing = 0;
		};
/* End PBXResourcesBuildPhase section */

/* Begin PBXSourcesBuildPhase section */
		00CB09452F8B901D0018CA13 /* Sources */ = {
			isa = PBXSourcesBuildPhase;
			buildActionMask = 2147483647;
			files = (
			);
			runOnlyForDeploymentPostprocessing = 0;
		};
		DF9E9C99B9B971DDEE6E7A1D /* Sources */ = {
			isa = PBXSourcesBuildPhase;
			buildActionMask = 2147483647;
			files = (
				36318A62861A160EE562A569 /* LibraryOrderStoreTests.swift in Sources */,
				B1AE2F969FFCBAE89ADC84B6 /* NormalizeServerURLTests.swift in Sources */,
			);
			runOnlyForDeploymentPostprocessing = 0;
		};
/* End PBXSourcesBuildPhase section */

/* Begin PBXTargetDependency section */
		0CB72FEAE951000C32E4CA0F /* PBXTargetDependency */ = {
			isa = PBXTargetDependency;
			name = Librarium;
			target = 00CB09482F8B901D0018CA13 /* Librarium */;
			targetProxy = E3C30DA3C98FD022FF4A7B00 /* PBXContainerItemProxy */;
		};
/* End PBXTargetDependency section */

/* Begin XCBuildConfiguration section */
		00CB09522F8B901E0018CA13 /* Debug */ = {
			isa = XCBuildConfiguration;
			buildSettings = {
				ALWAYS_SEARCH_USER_PATHS = NO;
				ASSETCATALOG_COMPILER_GENERATE_SWIFT_ASSET_SYMBOL_EXTENSIONS = YES;
				CLANG_ANALYZER_NONNULL = YES;
				CLANG_ANALYZER_NUMBER_OBJECT_CONVERSION = YES_AGGRESSIVE;
				CLANG_CXX_LANGUAGE_STANDARD = "gnu++20";
				CLANG_ENABLE_MODULES = YES;
				CLANG_ENABLE_OBJC_ARC = YES;
				CLANG_ENABLE_OBJC_WEAK = YES;
				CLANG_WARN_BLOCK_CAPTURE_AUTORELEASING = YES;
				CLANG_WARN_BOOL_CONVERSION = YES;
				CLANG_WARN_COMMA = YES;
				CLANG_WARN_CONSTANT_CONVERSION = YES;
				CLANG_WARN_DEPRECATED_OBJC_IMPLEMENTATIONS = YES;
				CLANG_WARN_DIRECT_OBJC_ISA_USAGE = YES_ERROR;
				CLANG_WARN_DOCUMENTATION_COMMENTS = YES;
				CLANG_WARN_EMPTY_BODY = YES;
				CLANG_WARN_ENUM_CONVERSION = YES;
				CLANG_WARN_INFINITE_RECURSION = YES;
				CLANG_WARN_INT_CONVERSION = YES;
				CLANG_WARN_NON_LITERAL_NULL_CONVERSION = YES;
				CLANG_WARN_OBJC_IMPLICIT_RETAIN_SELF = YES;
				CLANG_WARN_OBJC_LITERAL_CONVERSION = YES;
				CLANG_WARN_OBJC_ROOT_CLASS = YES_ERROR;
				CLANG_WARN_QUOTED_INCLUDE_IN_FRAMEWORK_HEADER = YES;
				CLANG_WARN_RANGE_LOOP_ANALYSIS = YES;
				CLANG_WARN_STRICT_PROTOTYPES = YES;
				CLANG_WARN_SUSPICIOUS_MOVE = YES;
				CLANG_WARN_UNGUARDED_AVAILABILITY = YES_AGGRESSIVE;
				CLANG_WARN_UNREACHABLE_CODE = YES;
				CLANG_WARN__DUPLICATE_METHOD_MATCH = YES;
				COPY_PHASE_STRIP = NO;
				DEBUG_INFORMATION_FORMAT = dwarf;
				DEVELOPMENT_TEAM = UU8W7Q84MJ;
				ENABLE_STRICT_OBJC_MSGSEND = YES;
				ENABLE_TESTABILITY = YES;
				ENABLE_USER_SCRIPT_SANDBOXING = YES;
				GCC_C_LANGUAGE_STANDARD = gnu17;
				GCC_DYNAMIC_NO_PIC = NO;
				GCC_NO_COMMON_BLOCKS = YES;
				GCC_OPTIMIZATION_LEVEL = 0;
				GCC_PREPROCESSOR_DEFINITIONS = (
					"DEBUG=1",
					"$(inherited)",
				);
				GCC_WARN_64_TO_32_BIT_CONVERSION = YES;
				GCC_WARN_ABOUT_RETURN_TYPE = YES_ERROR;
				GCC_WARN_UNDECLARED_SELECTOR = YES;
				GCC_WARN_UNINITIALIZED_AUTOS = YES_AGGRESSIVE;
				GCC_WARN_UNUSED_FUNCTION = YES;
				GCC_WARN_UNUSED_VARIABLE = YES;
				IPHONEOS_DEPLOYMENT_TARGET = 26.0;
				LOCALIZATION_PREFERS_STRING_CATALOGS = YES;
				MTL_ENABLE_DEBUG_INFO = INCLUDE_SOURCE;
				MTL_FAST_MATH = YES;
				ONLY_ACTIVE_ARCH = YES;
				SDKROOT = iphoneos;
				SWIFT_ACTIVE_COMPILATION_CONDITIONS = "DEBUG $(inherited)";
				SWIFT_OPTIMIZATION_LEVEL = "-Onone";
			};
			name = Debug;
		};
		00CB09532F8B901E0018CA13 /* Release */ = {
			isa = XCBuildConfiguration;
			buildSettings = {
				ALWAYS_SEARCH_USER_PATHS = NO;
				ASSETCATALOG_COMPILER_GENERATE_SWIFT_ASSET_SYMBOL_EXTENSIONS = YES;
				CLANG_ANALYZER_NONNULL = YES;
				CLANG_ANALYZER_NUMBER_OBJECT_CONVERSION = YES_AGGRESSIVE;
				CLANG_CXX_LANGUAGE_STANDARD = "gnu++20";
				CLANG_ENABLE_MODULES = YES;
				CLANG_ENABLE_OBJC_ARC = YES;
				CLANG_ENABLE_OBJC_WEAK = YES;
				CLANG_WARN_BLOCK_CAPTURE_AUTORELEASING = YES;
				CLANG_WARN_BOOL_CONVERSION = YES;
				CLANG_WARN_COMMA = YES;
				CLANG_WARN_CONSTANT_CONVERSION = YES;
				CLANG_WARN_DEPRECATED_OBJC_IMPLEMENTATIONS = YES;
				CLANG_WARN_DIRECT_OBJC_ISA_USAGE = YES_ERROR;
				CLANG_WARN_DOCUMENTATION_COMMENTS = YES;
				CLANG_WARN_EMPTY_BODY = YES;
				CLANG_WARN_ENUM_CONVERSION = YES;
				CLANG_WARN_INFINITE_RECURSION = YES;
				CLANG_WARN_INT_CONVERSION = YES;
				CLANG_WARN_NON_LITERAL_NULL_CONVERSION = YES;
				CLANG_WARN_OBJC_IMPLICIT_RETAIN_SELF = YES;
				CLANG_WARN_OBJC_LITERAL_CONVERSION = YES;
				CLANG_WARN_OBJC_ROOT_CLASS = YES_ERROR;
				CLANG_WARN_QUOTED_INCLUDE_IN_FRAMEWORK_HEADER = YES;
				CLANG_WARN_RANGE_LOOP_ANALYSIS = YES;
				CLANG_WARN_STRICT_PROTOTYPES = YES;
				CLANG_WARN_SUSPICIOUS_MOVE = YES;
				CLANG_WARN_UNGUARDED_AVAILABILITY = YES_AGGRESSIVE;
				CLANG_WARN_UNREACHABLE_CODE = YES;
				CLANG_WARN__DUPLICATE_METHOD_MATCH = YES;
				COPY_PHASE_STRIP = NO;
				DEBUG_INFORMATION_FORMAT = "dwarf-with-dsym";
				DEVELOPMENT_TEAM = UU8W7Q84MJ;
				ENABLE_NS_ASSERTIONS = NO;
				ENABLE_STRICT_OBJC_MSGSEND = YES;
				ENABLE_USER_SCRIPT_SANDBOXING = YES;
				GCC_C_LANGUAGE_STANDARD = gnu17;
				GCC_NO_COMMON_BLOCKS = YES;
				GCC_WARN_64_TO_32_BIT_CONVERSION = YES;
				GCC_WARN_ABOUT_RETURN_TYPE = YES_ERROR;
				GCC_WARN_UNDECLARED_SELECTOR = YES;
				GCC_WARN_UNINITIALIZED_AUTOS = YES_AGGRESSIVE;
				GCC_WARN_UNUSED_FUNCTION = YES;
				GCC_WARN_UNUSED_VARIABLE = YES;
				IPHONEOS_DEPLOYMENT_TARGET = 26.0;
				LOCALIZATION_PREFERS_STRING_CATALOGS = YES;
				MTL_ENABLE_DEBUG_INFO = NO;
				MTL_FAST_MATH = YES;
				SDKROOT = iphoneos;
				SWIFT_COMPILATION_MODE = wholemodule;
				VALIDATE_PRODUCT = YES;
			};
			name = Release;
		};
		00CB09552F8B901E0018CA13 /* Debug */ = {
			isa = XCBuildConfiguration;
			buildSettings = {
				ASSETCATALOG_COMPILER_APPICON_NAME = "AppIcon-Debug";
				ASSETCATALOG_COMPILER_GLOBAL_ACCENT_COLOR_NAME = AccentColor;
				CODE_SIGN_STYLE = Automatic;
				CURRENT_PROJECT_VERSION = DEV;
				DEVELOPMENT_TEAM = UU8W7Q84MJ;
				ENABLE_PREVIEWS = YES;
				GENERATE_INFOPLIST_FILE = YES;
				INFOPLIST_FILE = Librarium/Info.plist;
				INFOPLIST_KEY_CFBundleDisplayName = "Librarium Dev";
				INFOPLIST_KEY_LSApplicationCategoryType = "public.app-category.books";
				INFOPLIST_KEY_NSCameraUsageDescription = "Scan ISBN barcodes";
				INFOPLIST_KEY_UIApplicationSceneManifest_Generation = YES;
				INFOPLIST_KEY_UIApplicationSupportsIndirectInputEvents = YES;
				INFOPLIST_KEY_UILaunchScreen_Generation = YES;
				INFOPLIST_KEY_UISupportedInterfaceOrientations_iPad = UIInterfaceOrientationPortrait;
				INFOPLIST_KEY_UISupportedInterfaceOrientations_iPhone = UIInterfaceOrientationPortrait;
				IPHONEOS_DEPLOYMENT_TARGET = 26.0;
				LD_RUNPATH_SEARCH_PATHS = (
					"$(inherited)",
					"@executable_path/Frameworks",
				);
				MARKETING_VERSION = 26.4.5;
				PRODUCT_BUNDLE_IDENTIFIER = "ca.fireball1725.librarium-ios";
				PRODUCT_NAME = "$(TARGET_NAME)";
				STRING_CATALOG_GENERATE_SYMBOLS = YES;
				SWIFT_APPROACHABLE_CONCURRENCY = YES;
				SWIFT_DEFAULT_ACTOR_ISOLATION = MainActor;
				SWIFT_EMIT_LOC_STRINGS = YES;
				SWIFT_UPCOMING_FEATURE_MEMBER_IMPORT_VISIBILITY = YES;
				SWIFT_VERSION = 5.0;
				TARGETED_DEVICE_FAMILY = "1,2";
			};
			name = Debug;
		};
		00CB09562F8B901E0018CA13 /* Release */ = {
			isa = XCBuildConfiguration;
			buildSettings = {
				ASSETCATALOG_COMPILER_APPICON_NAME = AppIcon;
				ASSETCATALOG_COMPILER_GLOBAL_ACCENT_COLOR_NAME = AccentColor;
				CODE_SIGN_STYLE = Automatic;
				CURRENT_PROJECT_VERSION = 130426.1;
				DEVELOPMENT_TEAM = UU8W7Q84MJ;
				ENABLE_PREVIEWS = YES;
				GENERATE_INFOPLIST_FILE = YES;
				INFOPLIST_FILE = Librarium/Info.plist;
				INFOPLIST_KEY_CFBundleDisplayName = Librarium;
				INFOPLIST_KEY_LSApplicationCategoryType = "public.app-category.books";
				INFOPLIST_KEY_NSCameraUsageDescription = "Scan ISBN barcodes";
				INFOPLIST_KEY_UIApplicationSceneManifest_Generation = YES;
				INFOPLIST_KEY_UIApplicationSupportsIndirectInputEvents = YES;
				INFOPLIST_KEY_UILaunchScreen_Generation = YES;
				INFOPLIST_KEY_UISupportedInterfaceOrientations_iPad = UIInterfaceOrientationPortrait;
				INFOPLIST_KEY_UISupportedInterfaceOrientations_iPhone = UIInterfaceOrientationPortrait;
				IPHONEOS_DEPLOYMENT_TARGET = 26.0;
				LD_RUNPATH_SEARCH_PATHS = (
					"$(inherited)",
					"@executable_path/Frameworks",
				);
				MARKETING_VERSION = 26.4.5;
				PRODUCT_BUNDLE_IDENTIFIER = "ca.fireball1725.librarium-ios";
				PRODUCT_NAME = "$(TARGET_NAME)";
				STRING_CATALOG_GENERATE_SYMBOLS = YES;
				SWIFT_APPROACHABLE_CONCURRENCY = YES;
				SWIFT_DEFAULT_ACTOR_ISOLATION = MainActor;
				SWIFT_EMIT_LOC_STRINGS = YES;
				SWIFT_UPCOMING_FEATURE_MEMBER_IMPORT_VISIBILITY = YES;
				SWIFT_VERSION = 5.0;
				TARGETED_DEVICE_FAMILY = "1,2";
			};
			name = Release;
		};
		00F0D5D8D1177992788A3FE5 /* Debug */ = {
			isa = XCBuildConfiguration;
			buildSettings = {
				BUNDLE_LOADER = "$(TEST_HOST)";
				CLANG_ENABLE_OBJC_WEAK = NO;
				CODE_SIGN_STYLE = Automatic;
				GENERATE_INFOPLIST_FILE = YES;
				IPHONEOS_DEPLOYMENT_TARGET = 26.0;
				PRODUCT_BUNDLE_IDENTIFIER = ca.fireball1725.LibrariumTests;
				PRODUCT_NAME = LibrariumTests;
				SDKROOT = iphoneos;
				SWIFT_VERSION = 6.0;
				TARGETED_DEVICE_FAMILY = "1,2";
				TEST_HOST = "$(BUILT_PRODUCTS_DIR)/Librarium.app/$(BUNDLE_EXECUTABLE_FOLDER_PATH)/Librarium";
			};
			name = Debug;
		};
		98A01CFEB5D1EAFEF9D86829 /* Release */ = {
			isa = XCBuildConfiguration;
			buildSettings = {
				BUNDLE_LOADER = "$(TEST_HOST)";
				CLANG_ENABLE_OBJC_WEAK = NO;
				CODE_SIGN_STYLE = Automatic;
				GENERATE_INFOPLIST_FILE = YES;
				IPHONEOS_DEPLOYMENT_TARGET = 26.0;
				PRODUCT_BUNDLE_IDENTIFIER = ca.fireball1725.LibrariumTests;
				PRODUCT_NAME = LibrariumTests;
				SDKROOT = iphoneos;
				SWIFT_VERSION = 6.0;
				TARGETED_DEVICE_FAMILY = "1,2";
				TEST_HOST = "$(BUILT_PRODUCTS_DIR)/Librarium.app/$(BUNDLE_EXECUTABLE_FOLDER_PATH)/Librarium";
				VALIDATE_PRODUCT = YES;
			};
			name = Release;
		};
/* End XCBuildConfiguration section */

/* Begin XCConfigurationList section */
		00CB09442F8B901D0018CA13 /* Build configuration list for PBXProject "Librarium" */ = {
			isa = XCConfigurationList;
			buildConfigurations = (
				00CB09522F8B901E0018CA13 /* Debug */,
				00CB09532F8B901E0018CA13 /* Release */,
			);
			defaultConfigurationIsVisible = 0;
			defaultConfigurationName = Release;
		};
		00CB09542F8B901E0018CA13 /* Build configuration list for PBXNativeTarget "Librarium" */ = {
			isa = XCConfigurationList;
			buildConfigurations = (
				00CB09552F8B901E0018CA13 /* Debug */,
				00CB09562F8B901E0018CA13 /* Release */,
			);
			defaultConfigurationIsVisible = 0;
			defaultConfigurationName = Release;
		};
		5BF21EC767FD92753EA155D2 /* Build configuration list for PBXNativeTarget "LibrariumTests" */ = {
			isa = XCConfigurationList;
			buildConfigurations = (
				98A01CFEB5D1EAFEF9D86829 /* Release */,
				00F0D5D8D1177992788A3FE5 /* Debug */,
			);
			defaultConfigurationIsVisible = 0;
			defaultConfigurationName = Release;
		};
/* End XCConfigurationList section */
	};
	rootObject = 00CB09412F8B901D0018CA13 /* Project object */;
}
